
Microsoft Visual Studio Solution File, Format Version 12.00
# Visual Studio Version 16
VisualStudioVersion = 16.0.31515.178
MinimumVisualStudioVersion = 10.0.40219.1
Project("{9A19103F-16F7-4668-BE54-9A1E7A4F7556}") = "EXAM", "EXAM.csproj", "{4BAFDA96-1158-49D3-9616-56DA0A3EB98E}"
EndProject
Project("{9A19103F-16F7-4668-BE54-9A1E7A4F7556}") = "test", "..\test\test.csproj", "{F6C6655A-2C3B-4000-85C5-832857EB156A}"
EndProject
Global
	GlobalSection(SolutionConfigurationPlatforms) = preSolution
		Debug|Any CPU = Debug|Any CPU
		Release|Any CPU = Release|Any CPU
	EndGlobalSection
	GlobalSection(ProjectConfigurationPlatforms) = postSolution
		{4BAFDA96-1158-49D3-9616-56DA0A3EB98E}.Debug|Any CPU.ActiveCfg = Debug|Any CPU
		{4BAFDA96-1158-49D3-9616-56DA0A3EB98E}.Debug|Any CPU.Build.0 = Debug|Any CPU
		{4BAFDA96-1158-49D3-9616-56DA0A3EB98E}.Release|Any CPU.ActiveCfg = Release|Any CPU
		{4BAFDA96-1158-49D3-9616-56DA0A3EB98E}.Release|Any CPU.Build.0 = Release|Any CPU
		{F6C6655A-2C3B-4000-85C5-832857EB156A}.Debug|Any CPU.ActiveCfg = Debug|Any CPU
		{F6C6655A-2C3B-4000-85C5-832857EB156A}.Debug|Any CPU.Build.0 = Debug|Any CPU
		{F6C6655A-2C3B-4000-85C5-832857EB156A}.Release|Any CPU.ActiveCfg = Release|Any CPU
		{F6C6655A-2C3B-4000-85C5-832857EB156A}.Release|Any CPU.Build.0 = Release|Any CPU
	EndGlobalSection
	GlobalSection(SolutionProperties) = preSolution
		HideSolutionNode = FALSE
	EndGlobalSection
	GlobalSection(ExtensibilityGlobals) = postSolution
		SolutionGuid = {5A8C98B4-39E4-40B8-B239-DB918B7B0F30}
	EndGlobalSection
EndGlobal
